
Microsoft Visual Studio Solution File, Format Version 12.00
# Visual Studio Version 17
VisualStudioVersion = 17.14.36121.58 d17.14
MinimumVisualStudioVersion = 10.0.40219.1
Project("{FAE04EC0-301F-11D3-BF4B-00C04F79EFBC}") = "DosyaTakipSistemi", "DosyaTakipSistemi\DosyaTakipSistemi.csproj", "{AEABF560-9329-4496-8066-1EFCEC7220F9}"
EndProject
Global
	GlobalSection(SolutionConfigurationPlatforms) = preSolution
		Debug|Any CPU = Debug|Any CPU
		Release|Any CPU = Release|Any CPU
	EndGlobalSection
	GlobalSection(ProjectConfigurationPlatforms) = postSolution
		{AEABF560-9329-4496-8066-1EFCEC7220F9}.Debug|Any CPU.ActiveCfg = Debug|Any CPU
		{AEABF560-9329-4496-8066-1EFCEC7220F9}.Debug|Any CPU.Build.0 = Debug|Any CPU
		{AEABF560-9329-4496-8066-1EFCEC7220F9}.Release|Any CPU.ActiveCfg = Release|Any CPU
		{AEABF560-9329-4496-8066-1EFCEC7220F9}.Release|Any CPU.Build.0 = Release|Any CPU
	EndGlobalSection
	GlobalSection(SolutionProperties) = preSolution
		HideSolutionNode = FALSE
	EndGlobalSection
	GlobalSection(ExtensibilityGlobals) = postSolution
		SolutionGuid = {D4719F56-B29F-4039-AC86-3090D2E95FA6}
	EndGlobalSection
EndGlobal
